
Microsoft Visual Studio Solution File, Format Version 12.00
# Visual Studio 15
Project("{FAE04EC0-301F-11D3-BF4B-00C04F79EFBC}") = "aprender-asp-net-mvc", "aprender-asp-net-mvc\aprender-asp-net-mvc.csproj", "{518EF649-CC06-4049-96DB-C89B4B4FDFD3}"
EndProject
Global
	GlobalSection(SolutionConfigurationPlatforms) = preSolution
		Debug|Any CPU = Debug|Any CPU
		Release|Any CPU = Release|Any CPU
	EndGlobalSection
	GlobalSection(ProjectConfigurationPlatforms) = postSolution
		{518EF649-CC06-4049-96DB-C89B4B4FDFD3}.Debug|Any CPU.ActiveCfg = Debug|Any CPU
		{518EF649-CC06-4049-96DB-C89B4B4FDFD3}.Debug|Any CPU.Build.0 = Debug|Any CPU
		{518EF649-CC06-4049-96DB-C89B4B4FDFD3}.Release|Any CPU.ActiveCfg = Release|Any CPU
		{518EF649-CC06-4049-96DB-C89B4B4FDFD3}.Release|Any CPU.Build.0 = Release|Any CPU
	EndGlobalSection
EndGlobal
